// !$*UTF8*$!
{
	archiveVersion = 1;
	classes = {
	};
	objectVersion = 46;
	objects = {

/* Begin PBXBuildFile section */
		6F477E38182AA0A200792C7B /* Foundation.framework in Frameworks */ = {isa = PBXBuildFile; fileRef = 6F477E37182AA0A200792C7B /* Foundation.framework */; };
		6F477E3A182AA0A200792C7B /* CoreGraphics.framework in Frameworks */ = {isa = PBXBuildFile; fileRef = 6F477E39182AA0A200792C7B /* CoreGraphics.framework */; };
		6F477E3C182AA0A200792C7B /* UIKit.framework in Frameworks */ = {isa = PBXBuildFile; fileRef = 6F477E3B182AA0A200792C7B /* UIKit.framework */; };
		6F477E42182AA0A200792C7B /* InfoPlist.strings in Resources */ = {isa = PBXBuildFile; fileRef = 6F477E40182AA0A200792C7B /* InfoPlist.strings */; };
		6F477E44182AA0A200792C7B /* main.m in Sources */ = {isa = PBXBuildFile; fileRef = 6F477E43182AA0A200792C7B /* main.m */; };
		6F477E48182AA0A200792C7B /* RTAppDelegate.m in Sources */ = {isa = PBXBuildFile; fileRef = 6F477E47182AA0A200792C7B /* RTAppDelegate.m */; };
		6F477E4B182AA0A200792C7B /* Main.storyboard in Resources */ = {isa = PBXBuildFile; fileRef = 6F477E49182AA0A200792C7B /* Main.storyboard */; };
		6F477E4E182AA0A200792C7B /* RTViewController.m in Sources */ = {isa = PBXBuildFile; fileRef = 6F477E4D182AA0A200792C7B /* RTViewController.m */; };
		6F477E50182AA0A200792C7B /* Images.xcassets in Resources */ = {isa = PBXBuildFile; fileRef = 6F477E4F182AA0A200792C7B /* Images.xcassets */; };
		6F477E57182AA0A200792C7B /* XCTest.framework in Frameworks */ = {isa = PBXBuildFile; fileRef = 6F477E56182AA0A200792C7B /* XCTest.framework */; };
		6F477E58182AA0A200792C7B /* Foundation.framework in Frameworks */ = {isa = PBXBuildFile; fileRef = 6F477E37182AA0A200792C7B /* Foundation.framework */; };
		6F477E59182AA0A200792C7B /* UIKit.framework in Frameworks */ = {isa = PBXBuildFile; fileRef = 6F477E3B182AA0A200792C7B /* UIKit.framework */; };
		6F477E61182AA0A200792C7B /* InfoPlist.strings in Resources */ = {isa = PBXBuildFile; fileRef = 6F477E5F182AA0A200792C7B /* InfoPlist.strings */; };
		6F477E63182AA0A200792C7B /* Race_to_the_TopTests.m in Sources */ = {isa = PBXBuildFile; fileRef = 6F477E62182AA0A200792C7B /* Race_to_the_TopTests.m */; };
		6F477E6E182AA1E500792C7B /* RTSpaceShipView.m in Sources */ = {isa = PBXBuildFile; fileRef = 6F477E6D182AA1E500792C7B /* RTSpaceShipView.m */; };
/* End PBXBuildFile section */

/* Begin PBXContainerItemProxy section */
		6F477E5A182AA0A200792C7B /* PBXContainerItemProxy */ = {
			isa = PBXContainerItemProxy;
			containerPortal = 6F477E2C182AA0A200792C7B /* Project object */;
			proxyType = 1;
			remoteGlobalIDString = 6F477E33182AA0A200792C7B;
			remoteInfo = "Race to the Top";
		};
/* End PBXContainerItemProxy section */

/* Begin PBXFileReference section */
		6F477E34182AA0A200792C7B /* Race to the Top.app */ = {isa = PBXFileReference; explicitFileType = wrapper.application; includeInIndex = 0; path = "Race to the Top.app"; sourceTree = BUILT_PRODUCTS_DIR; };
		6F477E37182AA0A200792C7B /* Foundation.framework */ = {isa = PBXFileReference; lastKnownFileType = wrapper.framework; name = Foundation.framework; path = System/Library/Frameworks/Foundation.framework; sourceTree = SDKROOT; };
		6F477E39182AA0A200792C7B /* CoreGraphics.framework */ = {isa = PBXFileReference; lastKnownFileType = wrapper.framework; name = CoreGraphics.framework; path = System/Library/Frameworks/CoreGraphics.framework; sourceTree = SDKROOT; };
		6F477E3B182AA0A200792C7B /* UIKit.framework */ = {isa = PBXFileReference; lastKnownFileType = wrapper.framework; name = UIKit.framework; path = System/Library/Frameworks/UIKit.framework; sourceTree = SDKROOT; };
		6F477E3F182AA0A200792C7B /* Race to the Top-Info.plist */ = {isa = PBXFileReference; lastKnownFileType = text.plist.xml; path = "Race to the Top-Info.plist"; sourceTree = "<group>"; };
		6F477E41182AA0A200792C7B /* en */ = {isa = PBXFileReference; lastKnownFileType = text.plist.strings; name = en; path = en.lproj/InfoPlist.strings; sourceTree = "<group>"; };
		6F477E43182AA0A200792C7B /* main.m */ = {isa = PBXFileReference; lastKnownFileType = sourcecode.c.objc; path = main.m; sourceTree = "<group>"; };
		6F477E45182AA0A200792C7B /* Race to the Top-Prefix.pch */ = {isa = PBXFileReference; lastKnownFileType = sourcecode.c.h; path = "Race to the Top-Prefix.pch"; sourceTree = "<group>"; };
		6F477E46182AA0A200792C7B /* RTAppDelegate.h */ = {isa = PBXFileReference; lastKnownFileType = sourcecode.c.h; path = RTAppDelegate.h; sourceTree = "<group>"; };
		6F477E47182AA0A200792C7B /* RTAppDelegate.m */ = {isa = PBXFileReference; lastKnownFileType = sourcecode.c.objc; path = RTAppDelegate.m; sourceTree = "<group>"; };
		6F477E4A182AA0A200792C7B /* Base */ = {isa = PBXFileReference; lastKnownFileType = file.storyboard; name = Base; path = Base.lproj/Main.storyboard; sourceTree = "<group>"; };
		6F477E4C182AA0A200792C7B /* RTViewController.h */ = {isa = PBXFileReference; lastKnownFileType = sourcecode.c.h; path = RTViewController.h; sourceTree = "<group>"; };
		6F477E4D182AA0A200792C7B /* RTViewController.m */ = {isa = PBXFileReference; lastKnownFileType = sourcecode.c.objc; path = RTViewController.m; sourceTree = "<group>"; };
		6F477E4F182AA0A200792C7B /* Images.xcassets */ = {isa = PBXFileReference; lastKnownFileType = folder.assetcatalog; path = Images.xcassets; sourceTree = "<group>"; };
		6F477E55182AA0A200792C7B /* Race to the TopTests.xctest */ = {isa = PBXFileReference; explicitFileType = wrapper.cfbundle; includeInIndex = 0; path = "Race to the TopTests.xctest"; sourceTree = BUILT_PRODUCTS_DIR; };
		6F477E56182AA0A200792C7B /* XCTest.framework */ = {isa = PBXFileReference; lastKnownFileType = wrapper.framework; name = XCTest.framework; path = Library/Frameworks/XCTest.framework; sourceTree = DEVELOPER_DIR; };
		6F477E5E182AA0A200792C7B /* Race to the TopTests-Info.plist */ = {isa = PBXFileReference; lastKnownFileType = text.plist.xml; path = "Race to the TopTests-Info.plist"; sourceTree = "<group>"; };
		6F477E60182AA0A200792C7B /* en */ = {isa = PBXFileReference; lastKnownFileType = text.plist.strings; name = en; path = en.lproj/InfoPlist.strings; sourceTree = "<group>"; };
		6F477E62182AA0A200792C7B /* Race_to_the_TopTests.m */ = {isa = PBXFileReference; lastKnownFileType = sourcecode.c.objc; path = Race_to_the_TopTests.m; sourceTree = "<group>"; };
		6F477E6C182AA1E500792C7B /* RTSpaceShipView.h */ = {isa = PBXFileReference; fileEncoding = 4; lastKnownFileType = sourcecode.c.h; path = RTSpaceShipView.h; sourceTree = "<group>"; };
		6F477E6D182AA1E500792C7B /* RTSpaceShipView.m */ = {isa = PBXFileReference; fileEncoding = 4; lastKnownFileType = sourcecode.c.objc; path = RTSpaceShipView.m; sourceTree = "<group>"; };
/* End PBXFileReference section */

/* Begin PBXFrameworksBuildPhase section */
		6F477E31182AA0A200792C7B /* Frameworks */ = {
			isa = PBXFrameworksBuildPhase;
			buildActionMask = 2147483647;
			files = (
				6F477E3A182AA0A200792C7B /* CoreGraphics.framework in Frameworks */,
				6F477E3C182AA0A200792C7B /* UIKit.framework in Frameworks */,
				6F477E38182AA0A200792C7B /* Foundation.framework in Frameworks */,
			);
			runOnlyForDeploymentPostprocessing = 0;
		};
		6F477E52182AA0A200792C7B /* Frameworks */ = {
			isa = PBXFrameworksBuildPhase;
			buildActionMask = 2147483647;
			files = (
				6F477E57182AA0A200792C7B /* XCTest.framework in Frameworks */,
				6F477E59182AA0A200792C7B /* UIKit.framework in Frameworks */,
				6F477E58182AA0A200792C7B /* Foundation.framework in Frameworks */,
			);
			runOnlyForDeploymentPostprocessing = 0;
		};
/* End PBXFrameworksBuildPhase section */

/* Begin PBXGroup section */
		6F477E2B182AA0A200792C7B = {
			isa = PBXGroup;
			children = (
				6F477E3D182AA0A200792C7B /* Race to the Top */,
				6F477E5C182AA0A200792C7B /* Race to the TopTests */,
				6F477E36182AA0A200792C7B /* Frameworks */,
				6F477E35182AA0A200792C7B /* Products */,
			);
			sourceTree = "<group>";
		};
		6F477E35182AA0A200792C7B /* Products */ = {
			isa = PBXGroup;
			children = (
				6F477E34182AA0A200792C7B /* Race to the Top.app */,
				6F477E55182AA0A200792C7B /* Race to the TopTests.xctest */,
			);
			name = Products;
			sourceTree = "<group>";
		};
		6F477E36182AA0A200792C7B /* Frameworks */ = {
			isa = PBXGroup;
			children = (
				6F477E37182AA0A200792C7B /* Foundation.framework */,
				6F477E39182AA0A200792C7B /* CoreGraphics.framework */,
				6F477E3B182AA0A200792C7B /* UIKit.framework */,
				6F477E56182AA0A200792C7B /* XCTest.framework */,
			);
			name = Frameworks;
			sourceTree = "<group>";
		};
		6F477E3D182AA0A200792C7B /* Race to the Top */ = {
			isa = PBXGroup;
			children = (
				6F477E46182AA0A200792C7B /* RTAppDelegate.h */,
				6F477E47182AA0A200792C7B /* RTAppDelegate.m */,
				6F477E49182AA0A200792C7B /* Main.storyboard */,
				6F477E6C182AA1E500792C7B /* RTSpaceShipView.h */,
				6F477E6D182AA1E500792C7B /* RTSpaceShipView.m */,
				6F477E4C182AA0A200792C7B /* RTViewController.h */,
				6F477E4D182AA0A200792C7B /* RTViewController.m */,
				6F477E4F182AA0A200792C7B /* Images.xcassets */,
				6F477E3E182AA0A200792C7B /* Supporting Files */,
			);
			path = "Race to the Top";
			sourceTree = "<group>";
		};
		6F477E3E182AA0A200792C7B /* Supporting Files */ = {
			isa = PBXGroup;
			children = (
				6F477E3F182AA0A200792C7B /* Race to the Top-Info.plist */,
				6F477E40182AA0A200792C7B /* InfoPlist.strings */,
				6F477E43182AA0A200792C7B /* main.m */,
				6F477E45182AA0A200792C7B /* Race to the Top-Prefix.pch */,
			);
			name = "Supporting Files";
			sourceTree = "<group>";
		};
		6F477E5C182AA0A200792C7B /* Race to the TopTests */ = {
			isa = PBXGroup;
			children = (
				6F477E62182AA0A200792C7B /* Race_to_the_TopTests.m */,
				6F477E5D182AA0A200792C7B /* Supporting Files */,
			);
			path = "Race to the TopTests";
			sourceTree = "<group>";
		};
		6F477E5D182AA0A200792C7B /* Supporting Files */ = {
			isa = PBXGroup;
			children = (
				6F477E5E182AA0A200792C7B /* Race to the TopTests-Info.plist */,
				6F477E5F182AA0A200792C7B /* InfoPlist.strings */,
			);
			name = "Supporting Files";
			sourceTree = "<group>";
		};
/* End PBXGroup section */

/* Begin PBXNativeTarget section */
		6F477E33182AA0A200792C7B /* Race to the Top */ = {
			isa = PBXNativeTarget;
			buildConfigurationList = 6F477E66182AA0A200792C7B /* Build configuration list for PBXNativeTarget "Race to the Top" */;
			buildPhases = (
				6F477E30182AA0A200792C7B /* Sources */,
				6F477E31182AA0A200792C7B /* Frameworks */,
				6F477E32182AA0A200792C7B /* Resources */,
			);
			buildRules = (
			);
			dependencies = (
			);
			name = "Race to the Top";
			productName = "Race to the Top";
			productReference = 6F477E34182AA0A200792C7B /* Race to the Top.app */;
			productType = "com.apple.product-type.application";
		};
		6F477E54182AA0A200792C7B /* Race to the TopTests */ = {
			isa = PBXNativeTarget;
			buildConfigurationList = 6F477E69182AA0A200792C7B /* Build configuration list for PBXNativeTarget "Race to the TopTests" */;
			buildPhases = (
				6F477E51182AA0A200792C7B /* Sources */,
				6F477E52182AA0A200792C7B /* Frameworks */,
				6F477E53182AA0A200792C7B /* Resources */,
			);
			buildRules = (
			);
			dependencies = (
				6F477E5B182AA0A200792C7B /* PBXTargetDependency */,
			);
			name = "Race to the TopTests";
			productName = "Race to the TopTests";
			productReference = 6F477E55182AA0A200792C7B /* Race to the TopTests.xctest */;
			productType = "com.apple.product-type.bundle.unit-test";
		};
/* End PBXNativeTarget section */

/* Begin PBXProject section */
		6F477E2C182AA0A200792C7B /* Project object */ = {
			isa = PBXProject;
			attributes = {
				CLASSPREFIX = RT;
				LastUpgradeCheck = 0500;
				ORGANIZATIONNAME = "Code Coalition";
				TargetAttributes = {
					6F477E54182AA0A200792C7B = {
						TestTargetID = 6F477E33182AA0A200792C7B;
					};
				};
			};
			buildConfigurationList = 6F477E2F182AA0A200792C7B /* Build configuration list for PBXProject "Race to the Top" */;
			compatibilityVersion = "Xcode 3.2";
			developmentRegion = English;
			hasScannedForEncodings = 0;
			knownRegions = (
				en,
				Base,
			);
			mainGroup = 6F477E2B182AA0A200792C7B;
			productRefGroup = 6F477E35182AA0A200792C7B /* Products */;
			projectDirPath = "";
			projectRoot = "";
			targets = (
				6F477E33182AA0A200792C7B /* Race to the Top */,
				6F477E54182AA0A200792C7B /* Race to the TopTests */,
			);
		};
/* End PBXProject section */

/* Begin PBXResourcesBuildPhase section */
		6F477E32182AA0A200792C7B /* Resources */ = {
			isa = PBXResourcesBuildPhase;
			buildActionMask = 2147483647;
			files = (
				6F477E50182AA0A200792C7B /* Images.xcassets in Resources */,
				6F477E42182AA0A200792C7B /* InfoPlist.strings in Resources */,
				6F477E4B182AA0A200792C7B /* Main.storyboard in Resources */,
			);
			runOnlyForDeploymentPostprocessing = 0;
		};
		6F477E53182AA0A200792C7B /* Resources */ = {
			isa = PBXResourcesBuildPhase;
			buildActionMask = 2147483647;
			files = (
				6F477E61182AA0A200792C7B /* InfoPlist.strings in Resources */,
			);
			runOnlyForDeploymentPostprocessing = 0;
		};
/* End PBXResourcesBuildPhase section */

/* Begin PBXSourcesBuildPhase section */
		6F477E30182AA0A200792C7B /* Sources */ = {
			isa = PBXSourcesBuildPhase;
			buildActionMask = 2147483647;
			files = (
				6F477E48182AA0A200792C7B /* RTAppDelegate.m in Sources */,
				6F477E6E182AA1E500792C7B /* RTSpaceShipView.m in Sources */,
				6F477E4E182AA0A200792C7B /* RTViewController.m in Sources */,
				6F477E44182AA0A200792C7B /* main.m in Sources */,
			);
			runOnlyForDeploymentPostprocessing = 0;
		};
		6F477E51182AA0A200792C7B /* Sources */ = {
			isa = PBXSourcesBuildPhase;
			buildActionMask = 2147483647;
			files = (
				6F477E63182AA0A200792C7B /* Race_to_the_TopTests.m in Sources */,
			);
			runOnlyForDeploymentPostprocessing = 0;
		};
/* End PBXSourcesBuildPhase section */

/* Begin PBXTargetDependency section */
		6F477E5B182AA0A200792C7B /* PBXTargetDependency */ = {
			isa = PBXTargetDependency;
			target = 6F477E33182AA0A200792C7B /* Race to the Top */;
			targetProxy = 6F477E5A182AA0A200792C7B /* PBXContainerItemProxy */;
		};
/* End PBXTargetDependency section */

/* Begin PBXVariantGroup section */
		6F477E40182AA0A200792C7B /* InfoPlist.strings */ = {
			isa = PBXVariantGroup;
			children = (
				6F477E41182AA0A200792C7B /* en */,
			);
			name = InfoPlist.strings;
			sourceTree = "<group>";
		};
		6F477E49182AA0A200792C7B /* Main.storyboard */ = {
			isa = PBXVariantGroup;
			children = (
				6F477E4A182AA0A200792C7B /* Base */,
			);
			name = Main.storyboard;
			sourceTree = "<group>";
		};
		6F477E5F182AA0A200792C7B /* InfoPlist.strings */ = {
			isa = PBXVariantGroup;
			children = (
				6F477E60182AA0A200792C7B /* en */,
			);
			name = InfoPlist.strings;
			sourceTree = "<group>";
		};
/* End PBXVariantGroup section */

/* Begin XCBuildConfiguration section */
		6F477E64182AA0A200792C7B /* Debug */ = {
			isa = XCBuildConfiguration;
			buildSettings = {
				ALWAYS_SEARCH_USER_PATHS = NO;
				ARCHS = "$(ARCHS_STANDARD_INCLUDING_64_BIT)";
				CLANG_CXX_LANGUAGE_STANDARD = "gnu++0x";
				CLANG_CXX_LIBRARY = "libc++";
				CLANG_ENABLE_MODULES = YES;
				CLANG_ENABLE_OBJC_ARC = YES;
				CLANG_WARN_BOOL_CONVERSION = YES;
				CLANG_WARN_CONSTANT_CONVERSION = YES;
				CLANG_WARN_DIRECT_OBJC_ISA_USAGE = YES_ERROR;
				CLANG_WARN_EMPTY_BODY = YES;
				CLANG_WARN_ENUM_CONVERSION = YES;
				CLANG_WARN_INT_CONVERSION = YES;
				CLANG_WARN_OBJC_ROOT_CLASS = YES_ERROR;
				CLANG_WARN__DUPLICATE_METHOD_MATCH = YES;
				"CODE_SIGN_IDENTITY[sdk=iphoneos*]" = "iPhone Developer";
				COPY_PHASE_STRIP = NO;
				GCC_C_LANGUAGE_STANDARD = gnu99;
				GCC_DYNAMIC_NO_PIC = NO;
				GCC_OPTIMIZATION_LEVEL = 0;
				GCC_PREPROCESSOR_DEFINITIONS = (
					"DEBUG=1",
					"$(inherited)",
				);
				GCC_SYMBOLS_PRIVATE_EXTERN = NO;
				GCC_WARN_64_TO_32_BIT_CONVERSION = YES;
				GCC_WARN_ABOUT_RETURN_TYPE = YES_ERROR;
				GCC_WARN_UNDECLARED_SELECTOR = YES;
				GCC_WARN_UNINITIALIZED_AUTOS = YES;
				GCC_WARN_UNUSED_FUNCTION = YES;
				GCC_WARN_UNUSED_VARIABLE = YES;
				IPHONEOS_DEPLOYMENT_TARGET = 7.0;
				ONLY_ACTIVE_ARCH = YES;
				SDKROOT = iphoneos;
			};
			name = Debug;
		};
		6F477E65182AA0A200792C7B /* Release */ = {
			isa = XCBuildConfiguration;
			buildSettings = {
				ALWAYS_SEARCH_USER_PATHS = NO;
				ARCHS = "$(ARCHS_STANDARD_INCLUDING_64_BIT)";
				CLANG_CXX_LANGUAGE_STANDARD = "gnu++0x";
				CLANG_CXX_LIBRARY = "libc++";
				CLANG_ENABLE_MODULES = YES;
				CLANG_ENABLE_OBJC_ARC = YES;
				CLANG_WARN_BOOL_CONVERSION = YES;
				CLANG_WARN_CONSTANT_CONVERSION = YES;
				CLANG_WARN_DIRECT_OBJC_ISA_USAGE = YES_ERROR;
				CLANG_WARN_EMPTY_BODY = YES;
				CLANG_WARN_ENUM_CONVERSION = YES;
				CLANG_WARN_INT_CONVERSION = YES;
				CLANG_WARN_OBJC_ROOT_CLASS = YES_ERROR;
				CLANG_WARN__DUPLICATE_METHOD_MATCH = YES;
				"CODE_SIGN_IDENTITY[sdk=iphoneos*]" = "iPhone Developer";
				COPY_PHASE_STRIP = YES;
				ENABLE_NS_ASSERTIONS = NO;
				GCC_C_LANGUAGE_STANDARD = gnu99;
				GCC_WARN_64_TO_32_BIT_CONVERSION = YES;
				GCC_WARN_ABOUT_RETURN_TYPE = YES_ERROR;
				GCC_WARN_UNDECLARED_SELECTOR = YES;
				GCC_WARN_UNINITIALIZED_AUTOS = YES;
				GCC_WARN_UNUSED_FUNCTION = YES;
				GCC_WARN_UNUSED_VARIABLE = YES;
				IPHONEOS_DEPLOYMENT_TARGET = 7.0;
				SDKROOT = iphoneos;
				VALIDATE_PRODUCT = YES;
			};
			name = Release;
		};
		6F477E67182AA0A200792C7B /* Debug */ = {
			isa = XCBuildConfiguration;
			buildSettings = {
				ASSETCATALOG_COMPILER_APPICON_NAME = AppIcon;
				ASSETCATALOG_COMPILER_LAUNCHIMAGE_NAME = LaunchImage;
				GCC_PRECOMPILE_PREFIX_HEADER = YES;
				GCC_PREFIX_HEADER = "Race to the Top/Race to the Top-Prefix.pch";
				INFOPLIST_FILE = "Race to the Top/Race to the Top-Info.plist";
				PRODUCT_NAME = "$(TARGET_NAME)";
				WRAPPER_EXTENSION = app;
			};
			name = Debug;
		};
		6F477E68182AA0A200792C7B /* Release */ = {
			isa = XCBuildConfiguration;
			buildSettings = {
				ASSETCATALOG_COMPILER_APPICON_NAME = AppIcon;
				ASSETCATALOG_COMPILER_LAUNCHIMAGE_NAME = LaunchImage;
				GCC_PRECOMPILE_PREFIX_HEADER = YES;
				GCC_PREFIX_HEADER = "Race to the Top/Race to the Top-Prefix.pch";
				INFOPLIST_FILE = "Race to the Top/Race to the Top-Info.plist";
				PRODUCT_NAME = "$(TARGET_NAME)";
				WRAPPER_EXTENSION = app;
			};
			name = Release;
		};
		6F477E6A182AA0A200792C7B /* Debug */ = {
			isa = XCBuildConfiguration;
			buildSettings = {
				ARCHS = "$(ARCHS_STANDARD_INCLUDING_64_BIT)";
				BUNDLE_LOADER = "$(BUILT_PRODUCTS_DIR)/Race to the Top.app/Race to the Top";
				FRAMEWORK_SEARCH_PATHS = (
					"$(SDKROOT)/Developer/Library/Frameworks",
					"$(inherited)",
					"$(DEVELOPER_FRAMEWORKS_DIR)",
				);
				GCC_PRECOMPILE_PREFIX_HEADER = YES;
				GCC_PREFIX_HEADER = "Race to the Top/Race to the Top-Prefix.pch";
				GCC_PREPROCESSOR_DEFINITIONS = (
					"DEBUG=1",
					"$(inherited)",
				);
				INFOPLIST_FILE = "Race to the TopTests/Race to the TopTests-Info.plist";
				PRODUCT_NAME = "$(TARGET_NAME)";
				TEST_HOST = "$(BUNDLE_LOADER)";
				WRAPPER_EXTENSION = xctest;
			};
			name = Debug;
		};
		6F477E6B182AA0A200792C7B /* Release */ = {
			isa = XCBuildConfiguration;
			buildSettings = {
				ARCHS = "$(ARCHS_STANDARD_INCLUDING_64_BIT)";
				BUNDLE_LOADER = "$(BUILT_PRODUCTS_DIR)/Race to the Top.app/Race to the Top";
				FRAMEWORK_SEARCH_PATHS = (
					"$(SDKROOT)/Developer/Library/Frameworks",
					"$(inherited)",
					"$(DEVELOPER_FRAMEWORKS_DIR)",
				);
				GCC_PRECOMPILE_PREFIX_HEADER = YES;
				GCC_PREFIX_HEADER = "Race to the Top/Race to the Top-Prefix.pch";
				INFOPLIST_FILE = "Race to the TopTests/Race to the TopTests-Info.plist";
				PRODUCT_NAME = "$(TARGET_NAME)";
				TEST_HOST = "$(BUNDLE_LOADER)";
				WRAPPER_EXTENSION = xctest;
			};
			name = Release;
		};
/* End XCBuildConfiguration section */

/* Begin XCConfigurationList section */
		6F477E2F182AA0A200792C7B /* Build configuration list for PBXProject "Race to the Top" */ = {
			isa = XCConfigurationList;
			buildConfigurations = (
				6F477E64182AA0A200792C7B /* Debug */,
				6F477E65182AA0A200792C7B /* Release */,
			);
			defaultConfigurationIsVisible = 0;
			defaultConfigurationName = Release;
		};
		6F477E66182AA0A200792C7B /* Build configuration list for PBXNativeTarget "Race to the Top" */ = {
			isa = XCConfigurationList;
			buildConfigurations = (
				6F477E67182AA0A200792C7B /* Debug */,
				6F477E68182AA0A200792C7B /* Release */,
			);
			defaultConfigurationIsVisible = 0;
		};
		6F477E69182AA0A200792C7B /* Build configuration list for PBXNativeTarget "Race to the TopTests" */ = {
			isa = XCConfigurationList;
			buildConfigurations = (
				6F477E6A182AA0A200792C7B /* Debug */,
				6F477E6B182AA0A200792C7B /* Release */,
			);
			defaultConfigurationIsVisible = 0;
		};
/* End XCConfigurationList section */
	};
	rootObject = 6F477E2C182AA0A200792C7B /* Project object */;
}
